
Microsoft Visual Studio Solution File, Format Version 12.00
# Visual Studio Version 17
VisualStudioVersion = 17.9.34622.214
MinimumVisualStudioVersion = 10.0.40219.1
Project("{2150E333-8FDC-42A3-9474-1A3956D46DE8}") = "src", "src", "{575E3D96-B065-4D93-9423-7B20E9CED50A}"
EndProject
Project("{2150E333-8FDC-42A3-9474-1A3956D46DE8}") = "tests", "tests", "{EB1461CF-3CAD-44E8-AAFC-7EDA2445E049}"
EndProject
Project("{9A19103F-16F7-4668-BE54-9A1E7A4F7556}") = "Task.Web", "src\Task.Web\Task.Web.csproj", "{0E1C1A8B-F088-49A6-9EEE-ECD9C2DA8EBE}"
EndProject
Project("{9A19103F-16F7-4668-BE54-9A1E7A4F7556}") = "Task.Application", "src\Task.Application\Task.Application.csproj", "{C0D845D0-DBDB-4DC6-B91F-537F229A8B16}"
EndProject
Project("{9A19103F-16F7-4668-BE54-9A1E7A4F7556}") = "Task.Infrastructure", "src\Task.Infrastructure\Task.Infrastructure.csproj", "{A0D0070F-F501-4259-A16C-275585523E4B}"
EndProject
Project("{9A19103F-16F7-4668-BE54-9A1E7A4F7556}") = "Task.Domain", "src\Task.Domain\Task.Domain.csproj", "{92F581D4-8A94-470C-A738-7C4B5EF49C68}"
EndProject
Project("{FAE04EC0-301F-11D3-BF4B-00C04F79EFBC}") = "Task.Tests", "tests\Task.Tests\Task.Tests.csproj", "{9CEEEFAA-575D-499E-B0D6-806703840FA6}"
EndProject
Global
	GlobalSection(SolutionConfigurationPlatforms) = preSolution
		Debug|Any CPU = Debug|Any CPU
		Release|Any CPU = Release|Any CPU
	EndGlobalSection
	GlobalSection(ProjectConfigurationPlatforms) = postSolution
		{0E1C1A8B-F088-49A6-9EEE-ECD9C2DA8EBE}.Debug|Any CPU.ActiveCfg = Debug|Any CPU
		{0E1C1A8B-F088-49A6-9EEE-ECD9C2DA8EBE}.Debug|Any CPU.Build.0 = Debug|Any CPU
		{0E1C1A8B-F088-49A6-9EEE-ECD9C2DA8EBE}.Release|Any CPU.ActiveCfg = Release|Any CPU
		{0E1C1A8B-F088-49A6-9EEE-ECD9C2DA8EBE}.Release|Any CPU.Build.0 = Release|Any CPU
		{C0D845D0-DBDB-4DC6-B91F-537F229A8B16}.Debug|Any CPU.ActiveCfg = Debug|Any CPU
		{C0D845D0-DBDB-4DC6-B91F-537F229A8B16}.Debug|Any CPU.Build.0 = Debug|Any CPU
		{C0D845D0-DBDB-4DC6-B91F-537F229A8B16}.Release|Any CPU.ActiveCfg = Release|Any CPU
		{C0D845D0-DBDB-4DC6-B91F-537F229A8B16}.Release|Any CPU.Build.0 = Release|Any CPU
		{A0D0070F-F501-4259-A16C-275585523E4B}.Debug|Any CPU.ActiveCfg = Debug|Any CPU
		{A0D0070F-F501-4259-A16C-275585523E4B}.Debug|Any CPU.Build.0 = Debug|Any CPU
		{A0D0070F-F501-4259-A16C-275585523E4B}.Release|Any CPU.ActiveCfg = Release|Any CPU
		{A0D0070F-F501-4259-A16C-275585523E4B}.Release|Any CPU.Build.0 = Release|Any CPU
		{92F581D4-8A94-470C-A738-7C4B5EF49C68}.Debug|Any CPU.ActiveCfg = Debug|Any CPU
		{92F581D4-8A94-470C-A738-7C4B5EF49C68}.Debug|Any CPU.Build.0 = Debug|Any CPU
		{92F581D4-8A94-470C-A738-7C4B5EF49C68}.Release|Any CPU.ActiveCfg = Release|Any CPU
		{92F581D4-8A94-470C-A738-7C4B5EF49C68}.Release|Any CPU.Build.0 = Release|Any CPU
		{9CEEEFAA-575D-499E-B0D6-806703840FA6}.Debug|Any CPU.ActiveCfg = Debug|Any CPU
		{9CEEEFAA-575D-499E-B0D6-806703840FA6}.Debug|Any CPU.Build.0 = Debug|Any CPU
		{9CEEEFAA-575D-499E-B0D6-806703840FA6}.Release|Any CPU.ActiveCfg = Release|Any CPU
		{9CEEEFAA-575D-499E-B0D6-806703840FA6}.Release|Any CPU.Build.0 = Release|Any CPU
	EndGlobalSection
	GlobalSection(SolutionProperties) = preSolution
		HideSolutionNode = FALSE
	EndGlobalSection
	GlobalSection(NestedProjects) = preSolution
		{0E1C1A8B-F088-49A6-9EEE-ECD9C2DA8EBE} = {575E3D96-B065-4D93-9423-7B20E9CED50A}
		{C0D845D0-DBDB-4DC6-B91F-537F229A8B16} = {575E3D96-B065-4D93-9423-7B20E9CED50A}
		{A0D0070F-F501-4259-A16C-275585523E4B} = {575E3D96-B065-4D93-9423-7B20E9CED50A}
		{92F581D4-8A94-470C-A738-7C4B5EF49C68} = {575E3D96-B065-4D93-9423-7B20E9CED50A}
		{9CEEEFAA-575D-499E-B0D6-806703840FA6} = {EB1461CF-3CAD-44E8-AAFC-7EDA2445E049}
	EndGlobalSection
	GlobalSection(ExtensibilityGlobals) = postSolution
		SolutionGuid = {25D0C690-5FB1-4F58-8E53-C3441E8C16A8}
	EndGlobalSection
EndGlobal
